
Microsoft Visual Studio Solution File, Format Version 12.00
# Visual Studio Version 17
VisualStudioVersion = 17.8.34309.116
MinimumVisualStudioVersion = 10.0.40219.1
Project("{9A19103F-16F7-4668-BE54-9A1E7A4F7556}") = "THE FRACTION CONSOLE APPLICATION", "THE FRACTION CONSOLE APPLICATION.csproj", "{0A319E83-55EE-4A66-9462-A0C71C334004}"
EndProject
Project("{9A19103F-16F7-4668-BE54-9A1E7A4F7556}") = "FractionLibrary", "..\FractionLibrary\FractionLibrary.csproj", "{E7E0167E-E5A7-44DD-BD6F-AFDE4A9BE857}"
EndProject
Project("{9A19103F-16F7-4668-BE54-9A1E7A4F7556}") = "FractionUnit.Tests", "..\FractionUnit.Tests\FractionUnit.Tests.csproj", "{C48C2B53-F02F-4F80-845B-55693C221250}"
EndProject
Project("{FAE04EC0-301F-11D3-BF4B-00C04F79EFBC}") = "WpfCalculator", "..\WpfCalculator\WpfCalculator.csproj", "{B9F1A6F7-E7C1-4308-AD28-9DB21933DA71}"
EndProject
Global
	GlobalSection(SolutionConfigurationPlatforms) = preSolution
		Debug|Any CPU = Debug|Any CPU
		Release|Any CPU = Release|Any CPU
	EndGlobalSection
	GlobalSection(ProjectConfigurationPlatforms) = postSolution
		{0A319E83-55EE-4A66-9462-A0C71C334004}.Debug|Any CPU.ActiveCfg = Debug|Any CPU
		{0A319E83-55EE-4A66-9462-A0C71C334004}.Debug|Any CPU.Build.0 = Debug|Any CPU
		{0A319E83-55EE-4A66-9462-A0C71C334004}.Release|Any CPU.ActiveCfg = Release|Any CPU
		{0A319E83-55EE-4A66-9462-A0C71C334004}.Release|Any CPU.Build.0 = Release|Any CPU
		{E7E0167E-E5A7-44DD-BD6F-AFDE4A9BE857}.Debug|Any CPU.ActiveCfg = Debug|Any CPU
		{E7E0167E-E5A7-44DD-BD6F-AFDE4A9BE857}.Debug|Any CPU.Build.0 = Debug|Any CPU
		{E7E0167E-E5A7-44DD-BD6F-AFDE4A9BE857}.Release|Any CPU.ActiveCfg = Release|Any CPU
		{E7E0167E-E5A7-44DD-BD6F-AFDE4A9BE857}.Release|Any CPU.Build.0 = Release|Any CPU
		{C48C2B53-F02F-4F80-845B-55693C221250}.Debug|Any CPU.ActiveCfg = Debug|Any CPU
		{C48C2B53-F02F-4F80-845B-55693C221250}.Debug|Any CPU.Build.0 = Debug|Any CPU
		{C48C2B53-F02F-4F80-845B-55693C221250}.Release|Any CPU.ActiveCfg = Release|Any CPU
		{C48C2B53-F02F-4F80-845B-55693C221250}.Release|Any CPU.Build.0 = Release|Any CPU
		{B9F1A6F7-E7C1-4308-AD28-9DB21933DA71}.Debug|Any CPU.ActiveCfg = Debug|Any CPU
		{B9F1A6F7-E7C1-4308-AD28-9DB21933DA71}.Debug|Any CPU.Build.0 = Debug|Any CPU
		{B9F1A6F7-E7C1-4308-AD28-9DB21933DA71}.Release|Any CPU.ActiveCfg = Release|Any CPU
		{B9F1A6F7-E7C1-4308-AD28-9DB21933DA71}.Release|Any CPU.Build.0 = Release|Any CPU
	EndGlobalSection
	GlobalSection(SolutionProperties) = preSolution
		HideSolutionNode = FALSE
	EndGlobalSection
	GlobalSection(ExtensibilityGlobals) = postSolution
		SolutionGuid = {531660FC-33A8-4C70-B082-FB4501D55393}
	EndGlobalSection
EndGlobal
