
Microsoft Visual Studio Solution File, Format Version 12.00
# Visual Studio Version 17
VisualStudioVersion = 17.8.34309.116
MinimumVisualStudioVersion = 10.0.40219.1
Project("{FAE04EC0-301F-11D3-BF4B-00C04F79EFBC}") = "LibraryAuthors", "LibraryAuthors.csproj", "{DACB3970-7EBE-4DAE-82DC-2DCC4A4BFA0A}"
EndProject
Global
	GlobalSection(SolutionConfigurationPlatforms) = preSolution
		Debug|Any CPU = Debug|Any CPU
		Release|Any CPU = Release|Any CPU
	EndGlobalSection
	GlobalSection(ProjectConfigurationPlatforms) = postSolution
		{DACB3970-7EBE-4DAE-82DC-2DCC4A4BFA0A}.Debug|Any CPU.ActiveCfg = Debug|Any CPU
		{DACB3970-7EBE-4DAE-82DC-2DCC4A4BFA0A}.Debug|Any CPU.Build.0 = Debug|Any CPU
		{DACB3970-7EBE-4DAE-82DC-2DCC4A4BFA0A}.Release|Any CPU.ActiveCfg = Release|Any CPU
		{DACB3970-7EBE-4DAE-82DC-2DCC4A4BFA0A}.Release|Any CPU.Build.0 = Release|Any CPU
	EndGlobalSection
	GlobalSection(SolutionProperties) = preSolution
		HideSolutionNode = FALSE
	EndGlobalSection
	GlobalSection(ExtensibilityGlobals) = postSolution
		SolutionGuid = {50ADF9AA-2D4E-4648-9A86-E7EB60108DF0}
	EndGlobalSection
EndGlobal
